
Microsoft Visual Studio Solution File, Format Version 12.00
# Visual Studio Version 17
VisualStudioVersion = 17.0.31423.177
MinimumVisualStudioVersion = 10.0.40219.1
Project("{FAE04EC0-301F-11D3-BF4B-00C04F79EFBC}") = "Insight", "Insight\Insight.csproj", "{48596613-E4E0-48BB-A4BC-68BCBC269F39}"
EndProject
Project("{9A19103F-16F7-4668-BE54-9A1E7A4F7556}") = "Insight.Core", "Insight.Core\Insight.Core.csproj", "{83DBBF2C-3478-49DD-A228-F3A7B9FC52EB}"
EndProject
Project("{2150E333-8FDC-42A3-9474-1A3956D46DE8}") = "Solution Items", "Solution Items", "{398185A9-A62C-49B8-9314-05BCE086D3FF}"
	ProjectSection(SolutionItems) = preProject
		.editorconfig = .editorconfig
	EndProjectSection
EndProject
Project("{9A19103F-16F7-4668-BE54-9A1E7A4F7556}") = "Insight.Core.Tests.nUnit", "Insight.Core.Tests.nUnit\Insight.Core.Tests.nUnit.csproj", "{8F92B9C1-3208-4188-9C0A-D257D43A2367}"
EndProject
Project("{FAE04EC0-301F-11D3-BF4B-00C04F79EFBC}") = "Insight.Tests.nUnit", "Insight.Tests.nUnit\Insight.Tests.nUnit.csproj", "{51F0D64B-2CF5-4F4E-A66F-9F0F7BB648AE}"
EndProject
Global
	GlobalSection(SolutionConfigurationPlatforms) = preSolution
		Debug|Any CPU = Debug|Any CPU
		Debug|ARM = Debug|ARM
		Debug|ARM64 = Debug|ARM64
		Debug|x64 = Debug|x64
		Debug|x86 = Debug|x86
		Release|Any CPU = Release|Any CPU
		Release|ARM = Release|ARM
		Release|ARM64 = Release|ARM64
		Release|x64 = Release|x64
		Release|x86 = Release|x86
	EndGlobalSection
	GlobalSection(ProjectConfigurationPlatforms) = postSolution
		{48596613-E4E0-48BB-A4BC-68BCBC269F39}.Debug|Any CPU.ActiveCfg = Debug|x86
		{48596613-E4E0-48BB-A4BC-68BCBC269F39}.Debug|ARM.ActiveCfg = Debug|ARM
		{48596613-E4E0-48BB-A4BC-68BCBC269F39}.Debug|ARM.Build.0 = Debug|ARM
		{48596613-E4E0-48BB-A4BC-68BCBC269F39}.Debug|ARM.Deploy.0 = Debug|ARM
		{48596613-E4E0-48BB-A4BC-68BCBC269F39}.Debug|ARM64.ActiveCfg = Debug|ARM64
		{48596613-E4E0-48BB-A4BC-68BCBC269F39}.Debug|ARM64.Build.0 = Debug|ARM64
		{48596613-E4E0-48BB-A4BC-68BCBC269F39}.Debug|ARM64.Deploy.0 = Debug|ARM64
		{48596613-E4E0-48BB-A4BC-68BCBC269F39}.Debug|x64.ActiveCfg = Debug|x64
		{48596613-E4E0-48BB-A4BC-68BCBC269F39}.Debug|x64.Build.0 = Debug|x64
		{48596613-E4E0-48BB-A4BC-68BCBC269F39}.Debug|x64.Deploy.0 = Debug|x64
		{48596613-E4E0-48BB-A4BC-68BCBC269F39}.Debug|x86.ActiveCfg = Debug|x86
		{48596613-E4E0-48BB-A4BC-68BCBC269F39}.Debug|x86.Build.0 = Debug|x86
		{48596613-E4E0-48BB-A4BC-68BCBC269F39}.Debug|x86.Deploy.0 = Debug|x86
		{48596613-E4E0-48BB-A4BC-68BCBC269F39}.Release|Any CPU.ActiveCfg = Release|x86
		{48596613-E4E0-48BB-A4BC-68BCBC269F39}.Release|ARM.ActiveCfg = Release|ARM
		{48596613-E4E0-48BB-A4BC-68BCBC269F39}.Release|ARM.Build.0 = Release|ARM
		{48596613-E4E0-48BB-A4BC-68BCBC269F39}.Release|ARM.Deploy.0 = Release|ARM
		{48596613-E4E0-48BB-A4BC-68BCBC269F39}.Release|ARM64.ActiveCfg = Release|ARM64
		{48596613-E4E0-48BB-A4BC-68BCBC269F39}.Release|ARM64.Build.0 = Release|ARM64
		{48596613-E4E0-48BB-A4BC-68BCBC269F39}.Release|ARM64.Deploy.0 = Release|ARM64
		{48596613-E4E0-48BB-A4BC-68BCBC269F39}.Release|x64.ActiveCfg = Release|x64
		{48596613-E4E0-48BB-A4BC-68BCBC269F39}.Release|x64.Build.0 = Release|x64
		{48596613-E4E0-48BB-A4BC-68BCBC269F39}.Release|x64.Deploy.0 = Release|x64
		{48596613-E4E0-48BB-A4BC-68BCBC269F39}.Release|x86.ActiveCfg = Release|x86
		{48596613-E4E0-48BB-A4BC-68BCBC269F39}.Release|x86.Build.0 = Release|x86
		{48596613-E4E0-48BB-A4BC-68BCBC269F39}.Release|x86.Deploy.0 = Release|x86
		{83DBBF2C-3478-49DD-A228-F3A7B9FC52EB}.Debug|Any CPU.ActiveCfg = Debug|Any CPU
		{83DBBF2C-3478-49DD-A228-F3A7B9FC52EB}.Debug|Any CPU.Build.0 = Debug|Any CPU
		{83DBBF2C-3478-49DD-A228-F3A7B9FC52EB}.Debug|ARM.ActiveCfg = Debug|Any CPU
		{83DBBF2C-3478-49DD-A228-F3A7B9FC52EB}.Debug|ARM.Build.0 = Debug|Any CPU
		{83DBBF2C-3478-49DD-A228-F3A7B9FC52EB}.Debug|ARM64.ActiveCfg = Debug|Any CPU
		{83DBBF2C-3478-49DD-A228-F3A7B9FC52EB}.Debug|ARM64.Build.0 = Debug|Any CPU
		{83DBBF2C-3478-49DD-A228-F3A7B9FC52EB}.Debug|x64.ActiveCfg = Debug|Any CPU
		{83DBBF2C-3478-49DD-A228-F3A7B9FC52EB}.Debug|x64.Build.0 = Debug|Any CPU
		{83DBBF2C-3478-49DD-A228-F3A7B9FC52EB}.Debug|x86.ActiveCfg = Debug|Any CPU
		{83DBBF2C-3478-49DD-A228-F3A7B9FC52EB}.Debug|x86.Build.0 = Debug|Any CPU
		{83DBBF2C-3478-49DD-A228-F3A7B9FC52EB}.Release|Any CPU.ActiveCfg = Release|Any CPU
		{83DBBF2C-3478-49DD-A228-F3A7B9FC52EB}.Release|Any CPU.Build.0 = Release|Any CPU
		{83DBBF2C-3478-49DD-A228-F3A7B9FC52EB}.Release|ARM.ActiveCfg = Release|Any CPU
		{83DBBF2C-3478-49DD-A228-F3A7B9FC52EB}.Release|ARM.Build.0 = Release|Any CPU
		{83DBBF2C-3478-49DD-A228-F3A7B9FC52EB}.Release|ARM64.ActiveCfg = Release|Any CPU
		{83DBBF2C-3478-49DD-A228-F3A7B9FC52EB}.Release|ARM64.Build.0 = Release|Any CPU
		{83DBBF2C-3478-49DD-A228-F3A7B9FC52EB}.Release|x64.ActiveCfg = Release|Any CPU
		{83DBBF2C-3478-49DD-A228-F3A7B9FC52EB}.Release|x64.Build.0 = Release|Any CPU
		{83DBBF2C-3478-49DD-A228-F3A7B9FC52EB}.Release|x86.ActiveCfg = Release|Any CPU
		{83DBBF2C-3478-49DD-A228-F3A7B9FC52EB}.Release|x86.Build.0 = Release|Any CPU
		{8F92B9C1-3208-4188-9C0A-D257D43A2367}.Debug|Any CPU.ActiveCfg = Debug|Any CPU
		{8F92B9C1-3208-4188-9C0A-D257D43A2367}.Debug|Any CPU.Build.0 = Debug|Any CPU
		{8F92B9C1-3208-4188-9C0A-D257D43A2367}.Debug|ARM.ActiveCfg = Debug|Any CPU
		{8F92B9C1-3208-4188-9C0A-D257D43A2367}.Debug|ARM.Build.0 = Debug|Any CPU
		{8F92B9C1-3208-4188-9C0A-D257D43A2367}.Debug|ARM64.ActiveCfg = Debug|Any CPU
		{8F92B9C1-3208-4188-9C0A-D257D43A2367}.Debug|ARM64.Build.0 = Debug|Any CPU
		{8F92B9C1-3208-4188-9C0A-D257D43A2367}.Debug|x64.ActiveCfg = Debug|Any CPU
		{8F92B9C1-3208-4188-9C0A-D257D43A2367}.Debug|x64.Build.0 = Debug|Any CPU
		{8F92B9C1-3208-4188-9C0A-D257D43A2367}.Debug|x86.ActiveCfg = Debug|Any CPU
		{8F92B9C1-3208-4188-9C0A-D257D43A2367}.Debug|x86.Build.0 = Debug|Any CPU
		{8F92B9C1-3208-4188-9C0A-D257D43A2367}.Release|Any CPU.ActiveCfg = Release|Any CPU
		{8F92B9C1-3208-4188-9C0A-D257D43A2367}.Release|Any CPU.Build.0 = Release|Any CPU
		{8F92B9C1-3208-4188-9C0A-D257D43A2367}.Release|ARM.ActiveCfg = Release|Any CPU
		{8F92B9C1-3208-4188-9C0A-D257D43A2367}.Release|ARM.Build.0 = Release|Any CPU
		{8F92B9C1-3208-4188-9C0A-D257D43A2367}.Release|ARM64.ActiveCfg = Release|Any CPU
		{8F92B9C1-3208-4188-9C0A-D257D43A2367}.Release|ARM64.Build.0 = Release|Any CPU
		{8F92B9C1-3208-4188-9C0A-D257D43A2367}.Release|x64.ActiveCfg = Release|Any CPU
		{8F92B9C1-3208-4188-9C0A-D257D43A2367}.Release|x64.Build.0 = Release|Any CPU
		{8F92B9C1-3208-4188-9C0A-D257D43A2367}.Release|x86.ActiveCfg = Release|Any CPU
		{8F92B9C1-3208-4188-9C0A-D257D43A2367}.Release|x86.Build.0 = Release|Any CPU
		{51F0D64B-2CF5-4F4E-A66F-9F0F7BB648AE}.Debug|Any CPU.ActiveCfg = Debug|x86
		{51F0D64B-2CF5-4F4E-A66F-9F0F7BB648AE}.Debug|ARM.ActiveCfg = Debug|ARM
		{51F0D64B-2CF5-4F4E-A66F-9F0F7BB648AE}.Debug|ARM.Build.0 = Debug|ARM
		{51F0D64B-2CF5-4F4E-A66F-9F0F7BB648AE}.Debug|ARM.Deploy.0 = Debug|ARM
		{51F0D64B-2CF5-4F4E-A66F-9F0F7BB648AE}.Debug|ARM64.ActiveCfg = Debug|ARM64
		{51F0D64B-2CF5-4F4E-A66F-9F0F7BB648AE}.Debug|ARM64.Build.0 = Debug|ARM64
		{51F0D64B-2CF5-4F4E-A66F-9F0F7BB648AE}.Debug|ARM64.Deploy.0 = Debug|ARM64
		{51F0D64B-2CF5-4F4E-A66F-9F0F7BB648AE}.Debug|x64.ActiveCfg = Debug|x64
		{51F0D64B-2CF5-4F4E-A66F-9F0F7BB648AE}.Debug|x64.Build.0 = Debug|x64
		{51F0D64B-2CF5-4F4E-A66F-9F0F7BB648AE}.Debug|x64.Deploy.0 = Debug|x64
		{51F0D64B-2CF5-4F4E-A66F-9F0F7BB648AE}.Debug|x86.ActiveCfg = Debug|x86
		{51F0D64B-2CF5-4F4E-A66F-9F0F7BB648AE}.Debug|x86.Build.0 = Debug|x86
		{51F0D64B-2CF5-4F4E-A66F-9F0F7BB648AE}.Debug|x86.Deploy.0 = Debug|x86
		{51F0D64B-2CF5-4F4E-A66F-9F0F7BB648AE}.Release|Any CPU.ActiveCfg = Release|x86
		{51F0D64B-2CF5-4F4E-A66F-9F0F7BB648AE}.Release|ARM.ActiveCfg = Release|ARM
		{51F0D64B-2CF5-4F4E-A66F-9F0F7BB648AE}.Release|ARM.Build.0 = Release|ARM
		{51F0D64B-2CF5-4F4E-A66F-9F0F7BB648AE}.Release|ARM.Deploy.0 = Release|ARM
		{51F0D64B-2CF5-4F4E-A66F-9F0F7BB648AE}.Release|ARM64.ActiveCfg = Release|ARM64
		{51F0D64B-2CF5-4F4E-A66F-9F0F7BB648AE}.Release|ARM64.Build.0 = Release|ARM64
		{51F0D64B-2CF5-4F4E-A66F-9F0F7BB648AE}.Release|ARM64.Deploy.0 = Release|ARM64
		{51F0D64B-2CF5-4F4E-A66F-9F0F7BB648AE}.Release|x64.ActiveCfg = Release|x64
		{51F0D64B-2CF5-4F4E-A66F-9F0F7BB648AE}.Release|x64.Build.0 = Release|x64
		{51F0D64B-2CF5-4F4E-A66F-9F0F7BB648AE}.Release|x64.Deploy.0 = Release|x64
		{51F0D64B-2CF5-4F4E-A66F-9F0F7BB648AE}.Release|x86.ActiveCfg = Release|x86
		{51F0D64B-2CF5-4F4E-A66F-9F0F7BB648AE}.Release|x86.Build.0 = Release|x86
		{51F0D64B-2CF5-4F4E-A66F-9F0F7BB648AE}.Release|x86.Deploy.0 = Release|x86
	EndGlobalSection
	GlobalSection(SolutionProperties) = preSolution
		HideSolutionNode = FALSE
	EndGlobalSection
	GlobalSection(ExtensibilityGlobals) = postSolution
		SolutionGuid = {1D99E08D-8BA6-41E7-B127-908E9B6C5C2E}
	EndGlobalSection
EndGlobal
